
Microsoft Visual Studio Solution File, Format Version 12.00
# Visual Studio Version 17
VisualStudioVersion = 17.0.31912.275
MinimumVisualStudioVersion = 10.0.40219.1
Project("{FAE04EC0-301F-11D3-BF4B-00C04F79EFBC}") = "oop-scientificCalculator", "oop-scientificCalculator\oop-scientificCalculator.csproj", "{1997A641-033B-4C19-9895-82F02336F084}"
EndProject
Global
	GlobalSection(SolutionConfigurationPlatforms) = preSolution
		Debug|Any CPU = Debug|Any CPU
		Release|Any CPU = Release|Any CPU
	EndGlobalSection
	GlobalSection(ProjectConfigurationPlatforms) = postSolution
		{1997A641-033B-4C19-9895-82F02336F084}.Debug|Any CPU.ActiveCfg = Debug|Any CPU
		{1997A641-033B-4C19-9895-82F02336F084}.Debug|Any CPU.Build.0 = Debug|Any CPU
		{1997A641-033B-4C19-9895-82F02336F084}.Release|Any CPU.ActiveCfg = Release|Any CPU
		{1997A641-033B-4C19-9895-82F02336F084}.Release|Any CPU.Build.0 = Release|Any CPU
	EndGlobalSection
	GlobalSection(SolutionProperties) = preSolution
		HideSolutionNode = FALSE
	EndGlobalSection
	GlobalSection(ExtensibilityGlobals) = postSolution
		SolutionGuid = {B1B6941B-B3AE-4EEA-B93D-96F218F162B2}
	EndGlobalSection
EndGlobal
